
Microsoft Visual Studio Solution File, Format Version 12.00
# Visual Studio Version 17
VisualStudioVersion = 17.8.34330.188
MinimumVisualStudioVersion = 10.0.40219.1
Project("{FAE04EC0-301F-11D3-BF4B-00C04F79EFBC}") = "Networks", "Networks\Networks.csproj", "{22B18BBE-85EB-43C9-B44B-1D91BDD65D68}"
EndProject
Global
	GlobalSection(SolutionConfigurationPlatforms) = preSolution
		Debug|Any CPU = Debug|Any CPU
		Release|Any CPU = Release|Any CPU
	EndGlobalSection
	GlobalSection(ProjectConfigurationPlatforms) = postSolution
		{22B18BBE-85EB-43C9-B44B-1D91BDD65D68}.Debug|Any CPU.ActiveCfg = Debug|Any CPU
		{22B18BBE-85EB-43C9-B44B-1D91BDD65D68}.Debug|Any CPU.Build.0 = Debug|Any CPU
		{22B18BBE-85EB-43C9-B44B-1D91BDD65D68}.Release|Any CPU.ActiveCfg = Release|Any CPU
		{22B18BBE-85EB-43C9-B44B-1D91BDD65D68}.Release|Any CPU.Build.0 = Release|Any CPU
	EndGlobalSection
	GlobalSection(SolutionProperties) = preSolution
		HideSolutionNode = FALSE
	EndGlobalSection
	GlobalSection(ExtensibilityGlobals) = postSolution
		SolutionGuid = {19F3A997-CF58-40A5-BC64-907E3841A838}
	EndGlobalSection
EndGlobal
